// !$*UTF8*$!
{
	archiveVersion = 1;
	classes = {
	};
	objectVersion = 56;
	objects = {

/* Begin PBXBuildFile section */
		1124E8B729AE53F80051B5D4 /* extensiLEApp.swift in Sources */ = {isa = PBXBuildFile; fileRef = 1124E8B629AE53F80051B5D4 /* extensiLEApp.swift */; };
		1124E8B929AE53F80051B5D4 /* ContentView.swift in Sources */ = {isa = PBXBuildFile; fileRef = 1124E8B829AE53F80051B5D4 /* ContentView.swift */; };
		1124E8BB29AE53F90051B5D4 /* Assets.xcassets in Resources */ = {isa = PBXBuildFile; fileRef = 1124E8BA29AE53F90051B5D4 /* Assets.xcassets */; };
		1124E8BE29AE53F90051B5D4 /* Preview Assets.xcassets in Resources */ = {isa = PBXBuildFile; fileRef = 1124E8BD29AE53F90051B5D4 /* Preview Assets.xcassets */; };
		1124E8C829AE53F90051B5D4 /* extensiLETests.swift in Sources */ = {isa = PBXBuildFile; fileRef = 1124E8C729AE53F90051B5D4 /* extensiLETests.swift */; };
		1124E8D229AE53F90051B5D4 /* extensiLEUITests.swift in Sources */ = {isa = PBXBuildFile; fileRef = 1124E8D129AE53F90051B5D4 /* extensiLEUITests.swift */; };
		1124E8D429AE53F90051B5D4 /* extensiLEUITestsLaunchTests.swift in Sources */ = {isa = PBXBuildFile; fileRef = 1124E8D329AE53F90051B5D4 /* extensiLEUITestsLaunchTests.swift */; };
		1124E8E629AE54A10051B5D4 /* LoginView.swift in Sources */ = {isa = PBXBuildFile; fileRef = 1124E8E529AE54A10051B5D4 /* LoginView.swift */; };
		1124E8E729AE54A10051B5D4 /* LoginView.swift in Sources */ = {isa = PBXBuildFile; fileRef = 1124E8E529AE54A10051B5D4 /* LoginView.swift */; };
		1124E8E829AE54A10051B5D4 /* LoginView.swift in Sources */ = {isa = PBXBuildFile; fileRef = 1124E8E529AE54A10051B5D4 /* LoginView.swift */; };
		1124E8EA29AE54AF0051B5D4 /* LoginViewModel.swift in Sources */ = {isa = PBXBuildFile; fileRef = 1124E8E929AE54AF0051B5D4 /* LoginViewModel.swift */; };
		1124E8EB29AE54AF0051B5D4 /* LoginViewModel.swift in Sources */ = {isa = PBXBuildFile; fileRef = 1124E8E929AE54AF0051B5D4 /* LoginViewModel.swift */; };
		1124E8EC29AE54AF0051B5D4 /* LoginViewModel.swift in Sources */ = {isa = PBXBuildFile; fileRef = 1124E8E929AE54AF0051B5D4 /* LoginViewModel.swift */; };
		1124E8EE29AE54E70051B5D4 /* HomeView.swift in Sources */ = {isa = PBXBuildFile; fileRef = 1124E8ED29AE54E70051B5D4 /* HomeView.swift */; };
		1124E8EF29AE54E70051B5D4 /* HomeView.swift in Sources */ = {isa = PBXBuildFile; fileRef = 1124E8ED29AE54E70051B5D4 /* HomeView.swift */; };
		1124E8F029AE54E70051B5D4 /* HomeView.swift in Sources */ = {isa = PBXBuildFile; fileRef = 1124E8ED29AE54E70051B5D4 /* HomeView.swift */; };
		1124E8F229AE54F10051B5D4 /* HomeViewModel.swift in Sources */ = {isa = PBXBuildFile; fileRef = 1124E8F129AE54F10051B5D4 /* HomeViewModel.swift */; };
		1124E8F329AE54F10051B5D4 /* HomeViewModel.swift in Sources */ = {isa = PBXBuildFile; fileRef = 1124E8F129AE54F10051B5D4 /* HomeViewModel.swift */; };
		1124E8F429AE54F10051B5D4 /* HomeViewModel.swift in Sources */ = {isa = PBXBuildFile; fileRef = 1124E8F129AE54F10051B5D4 /* HomeViewModel.swift */; };
		1124E8F629AE553F0051B5D4 /* GameAnalysisView.swift in Sources */ = {isa = PBXBuildFile; fileRef = 1124E8F529AE553F0051B5D4 /* GameAnalysisView.swift */; };
		1124E8F729AE553F0051B5D4 /* GameAnalysisView.swift in Sources */ = {isa = PBXBuildFile; fileRef = 1124E8F529AE553F0051B5D4 /* GameAnalysisView.swift */; };
		1124E8F829AE553F0051B5D4 /* GameAnalysisView.swift in Sources */ = {isa = PBXBuildFile; fileRef = 1124E8F529AE553F0051B5D4 /* GameAnalysisView.swift */; };
		1124E8FA29AE554A0051B5D4 /* GameAnalysisViewModel.swift in Sources */ = {isa = PBXBuildFile; fileRef = 1124E8F929AE554A0051B5D4 /* GameAnalysisViewModel.swift */; };
		1124E8FB29AE554A0051B5D4 /* GameAnalysisViewModel.swift in Sources */ = {isa = PBXBuildFile; fileRef = 1124E8F929AE554A0051B5D4 /* GameAnalysisViewModel.swift */; };
		1124E8FC29AE554A0051B5D4 /* GameAnalysisViewModel.swift in Sources */ = {isa = PBXBuildFile; fileRef = 1124E8F929AE554A0051B5D4 /* GameAnalysisViewModel.swift */; };
/* End PBXBuildFile section */

/* Begin PBXContainerItemProxy section */
		1124E8C429AE53F90051B5D4 /* PBXContainerItemProxy */ = {
			isa = PBXContainerItemProxy;
			containerPortal = 1124E8AB29AE53F80051B5D4 /* Project object */;
			proxyType = 1;
			remoteGlobalIDString = 1124E8B229AE53F80051B5D4;
			remoteInfo = extensiLE;
		};
		1124E8CE29AE53F90051B5D4 /* PBXContainerItemProxy */ = {
			isa = PBXContainerItemProxy;
			containerPortal = 1124E8AB29AE53F80051B5D4 /* Project object */;
			proxyType = 1;
			remoteGlobalIDString = 1124E8B229AE53F80051B5D4;
			remoteInfo = extensiLE;
		};
/* End PBXContainerItemProxy section */

/* Begin PBXFileReference section */
		1124E8B329AE53F80051B5D4 /* extensiLE.app */ = {isa = PBXFileReference; explicitFileType = wrapper.application; includeInIndex = 0; path = extensiLE.app; sourceTree = BUILT_PRODUCTS_DIR; };
		1124E8B629AE53F80051B5D4 /* extensiLEApp.swift */ = {isa = PBXFileReference; lastKnownFileType = sourcecode.swift; path = extensiLEApp.swift; sourceTree = "<group>"; };
		1124E8B829AE53F80051B5D4 /* ContentView.swift */ = {isa = PBXFileReference; lastKnownFileType = sourcecode.swift; path = ContentView.swift; sourceTree = "<group>"; };
		1124E8BA29AE53F90051B5D4 /* Assets.xcassets */ = {isa = PBXFileReference; lastKnownFileType = folder.assetcatalog; path = Assets.xcassets; sourceTree = "<group>"; };
		1124E8BD29AE53F90051B5D4 /* Preview Assets.xcassets */ = {isa = PBXFileReference; lastKnownFileType = folder.assetcatalog; path = "Preview Assets.xcassets"; sourceTree = "<group>"; };
		1124E8C329AE53F90051B5D4 /* extensiLETests.xctest */ = {isa = PBXFileReference; explicitFileType = wrapper.cfbundle; includeInIndex = 0; path = extensiLETests.xctest; sourceTree = BUILT_PRODUCTS_DIR; };
		1124E8C729AE53F90051B5D4 /* extensiLETests.swift */ = {isa = PBXFileReference; lastKnownFileType = sourcecode.swift; path = extensiLETests.swift; sourceTree = "<group>"; };
		1124E8CD29AE53F90051B5D4 /* extensiLEUITests.xctest */ = {isa = PBXFileReference; explicitFileType = wrapper.cfbundle; includeInIndex = 0; path = extensiLEUITests.xctest; sourceTree = BUILT_PRODUCTS_DIR; };
		1124E8D129AE53F90051B5D4 /* extensiLEUITests.swift */ = {isa = PBXFileReference; lastKnownFileType = sourcecode.swift; path = extensiLEUITests.swift; sourceTree = "<group>"; };
		1124E8D329AE53F90051B5D4 /* extensiLEUITestsLaunchTests.swift */ = {isa = PBXFileReference; lastKnownFileType = sourcecode.swift; path = extensiLEUITestsLaunchTests.swift; sourceTree = "<group>"; };
		1124E8E529AE54A10051B5D4 /* LoginView.swift */ = {isa = PBXFileReference; lastKnownFileType = sourcecode.swift; path = LoginView.swift; sourceTree = "<group>"; };
		1124E8E929AE54AF0051B5D4 /* LoginViewModel.swift */ = {isa = PBXFileReference; lastKnownFileType = sourcecode.swift; path = LoginViewModel.swift; sourceTree = "<group>"; };
		1124E8ED29AE54E70051B5D4 /* HomeView.swift */ = {isa = PBXFileReference; lastKnownFileType = sourcecode.swift; path = HomeView.swift; sourceTree = "<group>"; };
		1124E8F129AE54F10051B5D4 /* HomeViewModel.swift */ = {isa = PBXFileReference; lastKnownFileType = sourcecode.swift; path = HomeViewModel.swift; sourceTree = "<group>"; };
		1124E8F529AE553F0051B5D4 /* GameAnalysisView.swift */ = {isa = PBXFileReference; lastKnownFileType = sourcecode.swift; path = GameAnalysisView.swift; sourceTree = "<group>"; };
		1124E8F929AE554A0051B5D4 /* GameAnalysisViewModel.swift */ = {isa = PBXFileReference; lastKnownFileType = sourcecode.swift; path = GameAnalysisViewModel.swift; sourceTree = "<group>"; };
/* End PBXFileReference section */

/* Begin PBXFrameworksBuildPhase section */
		1124E8B029AE53F80051B5D4 /* Frameworks */ = {
			isa = PBXFrameworksBuildPhase;
			buildActionMask = 2147483647;
			files = (
			);
			runOnlyForDeploymentPostprocessing = 0;
		};
		1124E8C029AE53F90051B5D4 /* Frameworks */ = {
			isa = PBXFrameworksBuildPhase;
			buildActionMask = 2147483647;
			files = (
			);
			runOnlyForDeploymentPostprocessing = 0;
		};
		1124E8CA29AE53F90051B5D4 /* Frameworks */ = {
			isa = PBXFrameworksBuildPhase;
			buildActionMask = 2147483647;
			files = (
			);
			runOnlyForDeploymentPostprocessing = 0;
		};
/* End PBXFrameworksBuildPhase section */

/* Begin PBXGroup section */
		1124E8AA29AE53F80051B5D4 = {
			isa = PBXGroup;
			children = (
				1124E8B529AE53F80051B5D4 /* extensiLE */,
				1124E8C629AE53F90051B5D4 /* extensiLETests */,
				1124E8D029AE53F90051B5D4 /* extensiLEUITests */,
				1124E8B429AE53F80051B5D4 /* Products */,
			);
			sourceTree = "<group>";
		};
		1124E8B429AE53F80051B5D4 /* Products */ = {
			isa = PBXGroup;
			children = (
				1124E8B329AE53F80051B5D4 /* extensiLE.app */,
				1124E8C329AE53F90051B5D4 /* extensiLETests.xctest */,
				1124E8CD29AE53F90051B5D4 /* extensiLEUITests.xctest */,
			);
			name = Products;
			sourceTree = "<group>";
		};
		1124E8B529AE53F80051B5D4 /* extensiLE */ = {
			isa = PBXGroup;
			children = (
				1124E8E429AE54470051B5D4 /* Login */,
				1124E8E329AE54420051B5D4 /* Home */,
				1124E8E229AE54340051B5D4 /* GameAnalysis */,
				1124E8E129AE542A0051B5D4 /* RecordPlay */,
				1124E8E029AE54220051B5D4 /* Account */,
				1124E8B629AE53F80051B5D4 /* extensiLEApp.swift */,
				1124E8B829AE53F80051B5D4 /* ContentView.swift */,
				1124E8BA29AE53F90051B5D4 /* Assets.xcassets */,
				1124E8BC29AE53F90051B5D4 /* Preview Content */,
			);
			path = extensiLE;
			sourceTree = "<group>";
		};
		1124E8BC29AE53F90051B5D4 /* Preview Content */ = {
			isa = PBXGroup;
			children = (
				1124E8BD29AE53F90051B5D4 /* Preview Assets.xcassets */,
			);
			path = "Preview Content";
			sourceTree = "<group>";
		};
		1124E8C629AE53F90051B5D4 /* extensiLETests */ = {
			isa = PBXGroup;
			children = (
				1124E8C729AE53F90051B5D4 /* extensiLETests.swift */,
			);
			path = extensiLETests;
			sourceTree = "<group>";
		};
		1124E8D029AE53F90051B5D4 /* extensiLEUITests */ = {
			isa = PBXGroup;
			children = (
				1124E8D129AE53F90051B5D4 /* extensiLEUITests.swift */,
				1124E8D329AE53F90051B5D4 /* extensiLEUITestsLaunchTests.swift */,
			);
			path = extensiLEUITests;
			sourceTree = "<group>";
		};
		1124E8E029AE54220051B5D4 /* Account */ = {
			isa = PBXGroup;
			children = (
			);
			path = Account;
			sourceTree = "<group>";
		};
		1124E8E129AE542A0051B5D4 /* RecordPlay */ = {
			isa = PBXGroup;
			children = (
			);
			path = RecordPlay;
			sourceTree = "<group>";
		};
		1124E8E229AE54340051B5D4 /* GameAnalysis */ = {
			isa = PBXGroup;
			children = (
				1124E8F529AE553F0051B5D4 /* GameAnalysisView.swift */,
				1124E8F929AE554A0051B5D4 /* GameAnalysisViewModel.swift */,
			);
			path = GameAnalysis;
			sourceTree = "<group>";
		};
		1124E8E329AE54420051B5D4 /* Home */ = {
			isa = PBXGroup;
			children = (
				1124E8ED29AE54E70051B5D4 /* HomeView.swift */,
				1124E8F129AE54F10051B5D4 /* HomeViewModel.swift */,
			);
			path = Home;
			sourceTree = "<group>";
		};
		1124E8E429AE54470051B5D4 /* Login */ = {
			isa = PBXGroup;
			children = (
				1124E8E529AE54A10051B5D4 /* LoginView.swift */,
				1124E8E929AE54AF0051B5D4 /* LoginViewModel.swift */,
			);
			path = Login;
			sourceTree = "<group>";
		};
/* End PBXGroup section */

/* Begin PBXNativeTarget section */
		1124E8B229AE53F80051B5D4 /* extensiLE */ = {
			isa = PBXNativeTarget;
			buildConfigurationList = 1124E8D729AE53F90051B5D4 /* Build configuration list for PBXNativeTarget "extensiLE" */;
			buildPhases = (
				1124E8AF29AE53F80051B5D4 /* Sources */,
				1124E8B029AE53F80051B5D4 /* Frameworks */,
				1124E8B129AE53F80051B5D4 /* Resources */,
			);
			buildRules = (
			);
			dependencies = (
			);
			name = extensiLE;
			productName = extensiLE;
			productReference = 1124E8B329AE53F80051B5D4 /* extensiLE.app */;
			productType = "com.apple.product-type.application";
		};
		1124E8C229AE53F90051B5D4 /* extensiLETests */ = {
			isa = PBXNativeTarget;
			buildConfigurationList = 1124E8DA29AE53F90051B5D4 /* Build configuration list for PBXNativeTarget "extensiLETests" */;
			buildPhases = (
				1124E8BF29AE53F90051B5D4 /* Sources */,
				1124E8C029AE53F90051B5D4 /* Frameworks */,
				1124E8C129AE53F90051B5D4 /* Resources */,
			);
			buildRules = (
			);
			dependencies = (
				1124E8C529AE53F90051B5D4 /* PBXTargetDependency */,
			);
			name = extensiLETests;
			productName = extensiLETests;
			productReference = 1124E8C329AE53F90051B5D4 /* extensiLETests.xctest */;
			productType = "com.apple.product-type.bundle.unit-test";
		};
		1124E8CC29AE53F90051B5D4 /* extensiLEUITests */ = {
			isa = PBXNativeTarget;
			buildConfigurationList = 1124E8DD29AE53F90051B5D4 /* Build configuration list for PBXNativeTarget "extensiLEUITests" */;
			buildPhases = (
				1124E8C929AE53F90051B5D4 /* Sources */,
				1124E8CA29AE53F90051B5D4 /* Frameworks */,
				1124E8CB29AE53F90051B5D4 /* Resources */,
			);
			buildRules = (
			);
			dependencies = (
				1124E8CF29AE53F90051B5D4 /* PBXTargetDependency */,
			);
			name = extensiLEUITests;
			productName = extensiLEUITests;
			productReference = 1124E8CD29AE53F90051B5D4 /* extensiLEUITests.xctest */;
			productType = "com.apple.product-type.bundle.ui-testing";
		};
/* End PBXNativeTarget section */

/* Begin PBXProject section */
		1124E8AB29AE53F80051B5D4 /* Project object */ = {
			isa = PBXProject;
			attributes = {
				BuildIndependentTargetsInParallel = 1;
				LastSwiftUpdateCheck = 1430;
				LastUpgradeCheck = 1430;
				TargetAttributes = {
					1124E8B229AE53F80051B5D4 = {
						CreatedOnToolsVersion = 14.3;
					};
					1124E8C229AE53F90051B5D4 = {
						CreatedOnToolsVersion = 14.3;
						TestTargetID = 1124E8B229AE53F80051B5D4;
					};
					1124E8CC29AE53F90051B5D4 = {
						CreatedOnToolsVersion = 14.3;
						TestTargetID = 1124E8B229AE53F80051B5D4;
					};
				};
			};
			buildConfigurationList = 1124E8AE29AE53F80051B5D4 /* Build configuration list for PBXProject "extensiLE" */;
			compatibilityVersion = "Xcode 14.0";
			developmentRegion = en;
			hasScannedForEncodings = 0;
			knownRegions = (
				en,
				Base,
			);
			mainGroup = 1124E8AA29AE53F80051B5D4;
			productRefGroup = 1124E8B429AE53F80051B5D4 /* Products */;
			projectDirPath = "";
			projectRoot = "";
			targets = (
				1124E8B229AE53F80051B5D4 /* extensiLE */,
				1124E8C229AE53F90051B5D4 /* extensiLETests */,
				1124E8CC29AE53F90051B5D4 /* extensiLEUITests */,
			);
		};
/* End PBXProject section */

/* Begin PBXResourcesBuildPhase section */
		1124E8B129AE53F80051B5D4 /* Resources */ = {
			isa = PBXResourcesBuildPhase;
			buildActionMask = 2147483647;
			files = (
				1124E8BE29AE53F90051B5D4 /* Preview Assets.xcassets in Resources */,
				1124E8BB29AE53F90051B5D4 /* Assets.xcassets in Resources */,
			);
			runOnlyForDeploymentPostprocessing = 0;
		};
		1124E8C129AE53F90051B5D4 /* Resources */ = {
			isa = PBXResourcesBuildPhase;
			buildActionMask = 2147483647;
			files = (
			);
			runOnlyForDeploymentPostprocessing = 0;
		};
		1124E8CB29AE53F90051B5D4 /* Resources */ = {
			isa = PBXResourcesBuildPhase;
			buildActionMask = 2147483647;
			files = (
			);
			runOnlyForDeploymentPostprocessing = 0;
		};
/* End PBXResourcesBuildPhase section */

/* Begin PBXSourcesBuildPhase section */
		1124E8AF29AE53F80051B5D4 /* Sources */ = {
			isa = PBXSourcesBuildPhase;
			buildActionMask = 2147483647;
			files = (
				1124E8FA29AE554A0051B5D4 /* GameAnalysisViewModel.swift in Sources */,
				1124E8EA29AE54AF0051B5D4 /* LoginViewModel.swift in Sources */,
				1124E8F229AE54F10051B5D4 /* HomeViewModel.swift in Sources */,
				1124E8E629AE54A10051B5D4 /* LoginView.swift in Sources */,
				1124E8B929AE53F80051B5D4 /* ContentView.swift in Sources */,
				1124E8EE29AE54E70051B5D4 /* HomeView.swift in Sources */,
				1124E8F629AE553F0051B5D4 /* GameAnalysisView.swift in Sources */,
				1124E8B729AE53F80051B5D4 /* extensiLEApp.swift in Sources */,
			);
			runOnlyForDeploymentPostprocessing = 0;
		};
		1124E8BF29AE53F90051B5D4 /* Sources */ = {
			isa = PBXSourcesBuildPhase;
			buildActionMask = 2147483647;
			files = (
				1124E8E729AE54A10051B5D4 /* LoginView.swift in Sources */,
				1124E8EF29AE54E70051B5D4 /* HomeView.swift in Sources */,
				1124E8F729AE553F0051B5D4 /* GameAnalysisView.swift in Sources */,
				1124E8C829AE53F90051B5D4 /* extensiLETests.swift in Sources */,
				1124E8F329AE54F10051B5D4 /* HomeViewModel.swift in Sources */,
				1124E8FB29AE554A0051B5D4 /* GameAnalysisViewModel.swift in Sources */,
				1124E8EB29AE54AF0051B5D4 /* LoginViewModel.swift in Sources */,
			);
			runOnlyForDeploymentPostprocessing = 0;
		};
		1124E8C929AE53F90051B5D4 /* Sources */ = {
			isa = PBXSourcesBuildPhase;
			buildActionMask = 2147483647;
			files = (
				1124E8FC29AE554A0051B5D4 /* GameAnalysisViewModel.swift in Sources */,
				1124E8EC29AE54AF0051B5D4 /* LoginViewModel.swift in Sources */,
				1124E8F429AE54F10051B5D4 /* HomeViewModel.swift in Sources */,
				1124E8E829AE54A10051B5D4 /* LoginView.swift in Sources */,
				1124E8D429AE53F90051B5D4 /* extensiLEUITestsLaunchTests.swift in Sources */,
				1124E8F029AE54E70051B5D4 /* HomeView.swift in Sources */,
				1124E8F829AE553F0051B5D4 /* GameAnalysisView.swift in Sources */,
				1124E8D229AE53F90051B5D4 /* extensiLEUITests.swift in Sources */,
			);
			runOnlyForDeploymentPostprocessing = 0;
		};
/* End PBXSourcesBuildPhase section */

/* Begin PBXTargetDependency section */
		1124E8C529AE53F90051B5D4 /* PBXTargetDependency */ = {
			isa = PBXTargetDependency;
			target = 1124E8B229AE53F80051B5D4 /* extensiLE */;
			targetProxy = 1124E8C429AE53F90051B5D4 /* PBXContainerItemProxy */;
		};
		1124E8CF29AE53F90051B5D4 /* PBXTargetDependency */ = {
			isa = PBXTargetDependency;
			target = 1124E8B229AE53F80051B5D4 /* extensiLE */;
			targetProxy = 1124E8CE29AE53F90051B5D4 /* PBXContainerItemProxy */;
		};
/* End PBXTargetDependency section */

/* Begin XCBuildConfiguration section */
		1124E8D529AE53F90051B5D4 /* Debug */ = {
			isa = XCBuildConfiguration;
			buildSettings = {
				ALWAYS_SEARCH_USER_PATHS = NO;
				CLANG_ANALYZER_NONNULL = YES;
				CLANG_ANALYZER_NUMBER_OBJECT_CONVERSION = YES_AGGRESSIVE;
				CLANG_CXX_LANGUAGE_STANDARD = "gnu++20";
				CLANG_ENABLE_MODULES = YES;
				CLANG_ENABLE_OBJC_ARC = YES;
				CLANG_ENABLE_OBJC_WEAK = YES;
				CLANG_WARN_BLOCK_CAPTURE_AUTORELEASING = YES;
				CLANG_WARN_BOOL_CONVERSION = YES;
				CLANG_WARN_COMMA = YES;
				CLANG_WARN_CONSTANT_CONVERSION = YES;
				CLANG_WARN_DEPRECATED_OBJC_IMPLEMENTATIONS = YES;
				CLANG_WARN_DIRECT_OBJC_ISA_USAGE = YES_ERROR;
				CLANG_WARN_DOCUMENTATION_COMMENTS = YES;
				CLANG_WARN_EMPTY_BODY = YES;
				CLANG_WARN_ENUM_CONVERSION = YES;
				CLANG_WARN_INFINITE_RECURSION = YES;
				CLANG_WARN_INT_CONVERSION = YES;
				CLANG_WARN_NON_LITERAL_NULL_CONVERSION = YES;
				CLANG_WARN_OBJC_IMPLICIT_RETAIN_SELF = YES;
				CLANG_WARN_OBJC_LITERAL_CONVERSION = YES;
				CLANG_WARN_OBJC_ROOT_CLASS = YES_ERROR;
				CLANG_WARN_QUOTED_INCLUDE_IN_FRAMEWORK_HEADER = YES;
				CLANG_WARN_RANGE_LOOP_ANALYSIS = YES;
				CLANG_WARN_STRICT_PROTOTYPES = YES;
				CLANG_WARN_SUSPICIOUS_MOVE = YES;
				CLANG_WARN_UNGUARDED_AVAILABILITY = YES_AGGRESSIVE;
				CLANG_WARN_UNREACHABLE_CODE = YES;
				CLANG_WARN__DUPLICATE_METHOD_MATCH = YES;
				COPY_PHASE_STRIP = NO;
				DEBUG_INFORMATION_FORMAT = dwarf;
				ENABLE_STRICT_OBJC_MSGSEND = YES;
				ENABLE_TESTABILITY = YES;
				GCC_C_LANGUAGE_STANDARD = gnu11;
				GCC_DYNAMIC_NO_PIC = NO;
				GCC_NO_COMMON_BLOCKS = YES;
				GCC_OPTIMIZATION_LEVEL = 0;
				GCC_PREPROCESSOR_DEFINITIONS = (
					"DEBUG=1",
					"$(inherited)",
				);
				GCC_WARN_64_TO_32_BIT_CONVERSION = YES;
				GCC_WARN_ABOUT_RETURN_TYPE = YES_ERROR;
				GCC_WARN_UNDECLARED_SELECTOR = YES;
				GCC_WARN_UNINITIALIZED_AUTOS = YES_AGGRESSIVE;
				GCC_WARN_UNUSED_FUNCTION = YES;
				GCC_WARN_UNUSED_VARIABLE = YES;
				IPHONEOS_DEPLOYMENT_TARGET = 16.4;
				MTL_ENABLE_DEBUG_INFO = INCLUDE_SOURCE;
				MTL_FAST_MATH = YES;
				ONLY_ACTIVE_ARCH = YES;
				SDKROOT = iphoneos;
				SWIFT_ACTIVE_COMPILATION_CONDITIONS = DEBUG;
				SWIFT_OPTIMIZATION_LEVEL = "-Onone";
			};
			name = Debug;
		};
		1124E8D629AE53F90051B5D4 /* Release */ = {
			isa = XCBuildConfiguration;
			buildSettings = {
				ALWAYS_SEARCH_USER_PATHS = NO;
				CLANG_ANALYZER_NONNULL = YES;
				CLANG_ANALYZER_NUMBER_OBJECT_CONVERSION = YES_AGGRESSIVE;
				CLANG_CXX_LANGUAGE_STANDARD = "gnu++20";
				CLANG_ENABLE_MODULES = YES;
				CLANG_ENABLE_OBJC_ARC = YES;
				CLANG_ENABLE_OBJC_WEAK = YES;
				CLANG_WARN_BLOCK_CAPTURE_AUTORELEASING = YES;
				CLANG_WARN_BOOL_CONVERSION = YES;
				CLANG_WARN_COMMA = YES;
				CLANG_WARN_CONSTANT_CONVERSION = YES;
				CLANG_WARN_DEPRECATED_OBJC_IMPLEMENTATIONS = YES;
				CLANG_WARN_DIRECT_OBJC_ISA_USAGE = YES_ERROR;
				CLANG_WARN_DOCUMENTATION_COMMENTS = YES;
				CLANG_WARN_EMPTY_BODY = YES;
				CLANG_WARN_ENUM_CONVERSION = YES;
				CLANG_WARN_INFINITE_RECURSION = YES;
				CLANG_WARN_INT_CONVERSION = YES;
				CLANG_WARN_NON_LITERAL_NULL_CONVERSION = YES;
				CLANG_WARN_OBJC_IMPLICIT_RETAIN_SELF = YES;
				CLANG_WARN_OBJC_LITERAL_CONVERSION = YES;
				CLANG_WARN_OBJC_ROOT_CLASS = YES_ERROR;
				CLANG_WARN_QUOTED_INCLUDE_IN_FRAMEWORK_HEADER = YES;
				CLANG_WARN_RANGE_LOOP_ANALYSIS = YES;
				CLANG_WARN_STRICT_PROTOTYPES = YES;
				CLANG_WARN_SUSPICIOUS_MOVE = YES;
				CLANG_WARN_UNGUARDED_AVAILABILITY = YES_AGGRESSIVE;
				CLANG_WARN_UNREACHABLE_CODE = YES;
				CLANG_WARN__DUPLICATE_METHOD_MATCH = YES;
				COPY_PHASE_STRIP = NO;
				DEBUG_INFORMATION_FORMAT = "dwarf-with-dsym";
				ENABLE_NS_ASSERTIONS = NO;
				ENABLE_STRICT_OBJC_MSGSEND = YES;
				GCC_C_LANGUAGE_STANDARD = gnu11;
				GCC_NO_COMMON_BLOCKS = YES;
				GCC_WARN_64_TO_32_BIT_CONVERSION = YES;
				GCC_WARN_ABOUT_RETURN_TYPE = YES_ERROR;
				GCC_WARN_UNDECLARED_SELECTOR = YES;
				GCC_WARN_UNINITIALIZED_AUTOS = YES_AGGRESSIVE;
				GCC_WARN_UNUSED_FUNCTION = YES;
				GCC_WARN_UNUSED_VARIABLE = YES;
				IPHONEOS_DEPLOYMENT_TARGET = 16.4;
				MTL_ENABLE_DEBUG_INFO = NO;
				MTL_FAST_MATH = YES;
				SDKROOT = iphoneos;
				SWIFT_COMPILATION_MODE = wholemodule;
				SWIFT_OPTIMIZATION_LEVEL = "-O";
				VALIDATE_PRODUCT = YES;
			};
			name = Release;
		};
		1124E8D829AE53F90051B5D4 /* Debug */ = {
			isa = XCBuildConfiguration;
			buildSettings = {
				ASSETCATALOG_COMPILER_APPICON_NAME = AppIcon;
				ASSETCATALOG_COMPILER_GLOBAL_ACCENT_COLOR_NAME = AccentColor;
				CODE_SIGN_STYLE = Automatic;
				CURRENT_PROJECT_VERSION = 1;
				DEVELOPMENT_ASSET_PATHS = "\"extensiLE/Preview Content\"";
				DEVELOPMENT_TEAM = 59G9VJX9S9;
				ENABLE_PREVIEWS = YES;
				GENERATE_INFOPLIST_FILE = YES;
				INFOPLIST_KEY_UIApplicationSceneManifest_Generation = YES;
				INFOPLIST_KEY_UIApplicationSupportsIndirectInputEvents = YES;
				INFOPLIST_KEY_UILaunchScreen_Generation = YES;
				INFOPLIST_KEY_UISupportedInterfaceOrientations_iPad = "UIInterfaceOrientationPortrait UIInterfaceOrientationPortraitUpsideDown UIInterfaceOrientationLandscapeLeft UIInterfaceOrientationLandscapeRight";
				INFOPLIST_KEY_UISupportedInterfaceOrientations_iPhone = "UIInterfaceOrientationPortrait UIInterfaceOrientationLandscapeLeft UIInterfaceOrientationLandscapeRight";
				LD_RUNPATH_SEARCH_PATHS = (
					"$(inherited)",
					"@executable_path/Frameworks",
				);
				MARKETING_VERSION = 1.0;
				PRODUCT_BUNDLE_IDENTIFIER = bgwyllie.extensiLE;
				PRODUCT_NAME = "$(TARGET_NAME)";
				SWIFT_EMIT_LOC_STRINGS = YES;
				SWIFT_VERSION = 5.0;
				TARGETED_DEVICE_FAMILY = "1,2";
			};
			name = Debug;
		};
		1124E8D929AE53F90051B5D4 /* Release */ = {
			isa = XCBuildConfiguration;
			buildSettings = {
				ASSETCATALOG_COMPILER_APPICON_NAME = AppIcon;
				ASSETCATALOG_COMPILER_GLOBAL_ACCENT_COLOR_NAME = AccentColor;
				CODE_SIGN_STYLE = Automatic;
				CURRENT_PROJECT_VERSION = 1;
				DEVELOPMENT_ASSET_PATHS = "\"extensiLE/Preview Content\"";
				DEVELOPMENT_TEAM = 59G9VJX9S9;
				ENABLE_PREVIEWS = YES;
				GENERATE_INFOPLIST_FILE = YES;
				INFOPLIST_KEY_UIApplicationSceneManifest_Generation = YES;
				INFOPLIST_KEY_UIApplicationSupportsIndirectInputEvents = YES;
				INFOPLIST_KEY_UILaunchScreen_Generation = YES;
				INFOPLIST_KEY_UISupportedInterfaceOrientations_iPad = "UIInterfaceOrientationPortrait UIInterfaceOrientationPortraitUpsideDown UIInterfaceOrientationLandscapeLeft UIInterfaceOrientationLandscapeRight";
				INFOPLIST_KEY_UISupportedInterfaceOrientations_iPhone = "UIInterfaceOrientationPortrait UIInterfaceOrientationLandscapeLeft UIInterfaceOrientationLandscapeRight";
				LD_RUNPATH_SEARCH_PATHS = (
					"$(inherited)",
					"@executable_path/Frameworks",
				);
				MARKETING_VERSION = 1.0;
				PRODUCT_BUNDLE_IDENTIFIER = bgwyllie.extensiLE;
				PRODUCT_NAME = "$(TARGET_NAME)";
				SWIFT_EMIT_LOC_STRINGS = YES;
				SWIFT_VERSION = 5.0;
				TARGETED_DEVICE_FAMILY = "1,2";
			};
			name = Release;
		};
		1124E8DB29AE53F90051B5D4 /* Debug */ = {
			isa = XCBuildConfiguration;
			buildSettings = {
				ALWAYS_EMBED_SWIFT_STANDARD_LIBRARIES = YES;
				BUNDLE_LOADER = "$(TEST_HOST)";
				CODE_SIGN_STYLE = Automatic;
				CURRENT_PROJECT_VERSION = 1;
				DEVELOPMENT_TEAM = 59G9VJX9S9;
				GENERATE_INFOPLIST_FILE = YES;
				IPHONEOS_DEPLOYMENT_TARGET = 16.4;
				MARKETING_VERSION = 1.0;
				PRODUCT_BUNDLE_IDENTIFIER = bgwyllie.extensiLETests;
				PRODUCT_NAME = "$(TARGET_NAME)";
				SWIFT_EMIT_LOC_STRINGS = NO;
				SWIFT_VERSION = 5.0;
				TARGETED_DEVICE_FAMILY = "1,2";
				TEST_HOST = "$(BUILT_PRODUCTS_DIR)/extensiLE.app/$(BUNDLE_EXECUTABLE_FOLDER_PATH)/extensiLE";
			};
			name = Debug;
		};
		1124E8DC29AE53F90051B5D4 /* Release */ = {
			isa = XCBuildConfiguration;
			buildSettings = {
				ALWAYS_EMBED_SWIFT_STANDARD_LIBRARIES = YES;
				BUNDLE_LOADER = "$(TEST_HOST)";
				CODE_SIGN_STYLE = Automatic;
				CURRENT_PROJECT_VERSION = 1;
				DEVELOPMENT_TEAM = 59G9VJX9S9;
				GENERATE_INFOPLIST_FILE = YES;
				IPHONEOS_DEPLOYMENT_TARGET = 16.4;
				MARKETING_VERSION = 1.0;
				PRODUCT_BUNDLE_IDENTIFIER = bgwyllie.extensiLETests;
				PRODUCT_NAME = "$(TARGET_NAME)";
				SWIFT_EMIT_LOC_STRINGS = NO;
				SWIFT_VERSION = 5.0;
				TARGETED_DEVICE_FAMILY = "1,2";
				TEST_HOST = "$(BUILT_PRODUCTS_DIR)/extensiLE.app/$(BUNDLE_EXECUTABLE_FOLDER_PATH)/extensiLE";
			};
			name = Release;
		};
		1124E8DE29AE53F90051B5D4 /* Debug */ = {
			isa = XCBuildConfiguration;
			buildSettings = {
				ALWAYS_EMBED_SWIFT_STANDARD_LIBRARIES = YES;
				CODE_SIGN_STYLE = Automatic;
				CURRENT_PROJECT_VERSION = 1;
				DEVELOPMENT_TEAM = 59G9VJX9S9;
				GENERATE_INFOPLIST_FILE = YES;
				MARKETING_VERSION = 1.0;
				PRODUCT_BUNDLE_IDENTIFIER = bgwyllie.extensiLEUITests;
				PRODUCT_NAME = "$(TARGET_NAME)";
				SWIFT_EMIT_LOC_STRINGS = NO;
				SWIFT_VERSION = 5.0;
				TARGETED_DEVICE_FAMILY = "1,2";
				TEST_TARGET_NAME = extensiLE;
			};
			name = Debug;
		};
		1124E8DF29AE53F90051B5D4 /* Release */ = {
			isa = XCBuildConfiguration;
			buildSettings = {
				ALWAYS_EMBED_SWIFT_STANDARD_LIBRARIES = YES;
				CODE_SIGN_STYLE = Automatic;
				CURRENT_PROJECT_VERSION = 1;
				DEVELOPMENT_TEAM = 59G9VJX9S9;
				GENERATE_INFOPLIST_FILE = YES;
				MARKETING_VERSION = 1.0;
				PRODUCT_BUNDLE_IDENTIFIER = bgwyllie.extensiLEUITests;
				PRODUCT_NAME = "$(TARGET_NAME)";
				SWIFT_EMIT_LOC_STRINGS = NO;
				SWIFT_VERSION = 5.0;
				TARGETED_DEVICE_FAMILY = "1,2";
				TEST_TARGET_NAME = extensiLE;
			};
			name = Release;
		};
/* End XCBuildConfiguration section */

/* Begin XCConfigurationList section */
		1124E8AE29AE53F80051B5D4 /* Build configuration list for PBXProject "extensiLE" */ = {
			isa = XCConfigurationList;
			buildConfigurations = (
				1124E8D529AE53F90051B5D4 /* Debug */,
				1124E8D629AE53F90051B5D4 /* Release */,
			);
			defaultConfigurationIsVisible = 0;
			defaultConfigurationName = Release;
		};
		1124E8D729AE53F90051B5D4 /* Build configuration list for PBXNativeTarget "extensiLE" */ = {
			isa = XCConfigurationList;
			buildConfigurations = (
				1124E8D829AE53F90051B5D4 /* Debug */,
				1124E8D929AE53F90051B5D4 /* Release */,
			);
			defaultConfigurationIsVisible = 0;
			defaultConfigurationName = Release;
		};
		1124E8DA29AE53F90051B5D4 /* Build configuration list for PBXNativeTarget "extensiLETests" */ = {
			isa = XCConfigurationList;
			buildConfigurations = (
				1124E8DB29AE53F90051B5D4 /* Debug */,
				1124E8DC29AE53F90051B5D4 /* Release */,
			);
			defaultConfigurationIsVisible = 0;
			defaultConfigurationName = Release;
		};
		1124E8DD29AE53F90051B5D4 /* Build configuration list for PBXNativeTarget "extensiLEUITests" */ = {
			isa = XCConfigurationList;
			buildConfigurations = (
				1124E8DE29AE53F90051B5D4 /* Debug */,
				1124E8DF29AE53F90051B5D4 /* Release */,
			);
			defaultConfigurationIsVisible = 0;
			defaultConfigurationName = Release;
		};
/* End XCConfigurationList section */
	};
	rootObject = 1124E8AB29AE53F80051B5D4 /* Project object */;
}
